{
  "version": "4",
  "specifiers": {
    "jsr:@std/assert@1": "1.0.8",
    "jsr:@std/fs@^1.0.5": "1.0.5",
    "jsr:@std/internal@^1.0.5": "1.0.5",
    "jsr:@std/path@^1.0.7": "1.0.8",
    "jsr:@std/path@^1.0.8": "1.0.8",
    "npm:openai@^4.72.0": "4.72.0",
    "npm:tiddlywiki@^5.3.6": "5.3.6",
    "npm:tw5-typed@*": "0.5.14",
    "npm:tw5-typed@~0.5.14": "0.5.14"
  },
  "jsr": {
    "@std/assert@1.0.8": {
      "integrity": "ebe0bd7eb488ee39686f77003992f389a06c3da1bbd8022184804852b2fa641b",
      "dependencies": [
        "jsr:@std/internal"
      ]
    },
    "@std/fs@1.0.5": {
      "integrity": "41806ad6823d0b5f275f9849a2640d87e4ef67c51ee1b8fb02426f55e02fd44e",
      "dependencies": [
        "jsr:@std/path@^1.0.7"
      ]
    },
    "@std/internal@1.0.5": {
      "integrity": "54a546004f769c1ac9e025abd15a76b6671ddc9687e2313b67376125650dc7ba"
    },
    "@std/path@1.0.8": {
      "integrity": "548fa456bb6a04d3c1a1e7477986b6cffbce95102d0bb447c67c4ee70e0364be"
    }
  },
  "npm": {
    "@types/codemirror@5.60.15": {
      "integrity": "sha512-dTOvwEQ+ouKJ/rE9LT1Ue2hmP6H1mZv5+CCnNWu2qtiOe2LQa9lCprEY20HxiDmV/Bxh+dXjywmy5aKvoGjULA==",
      "dependencies": [
        "@types/tern"
      ]
    },
    "@types/echarts@4.9.22": {
      "integrity": "sha512-7Fo6XdWpoi8jxkwP7BARUOM7riq8bMhmsCtSG8gzUcJmFhLo387tihoBYS/y5j7jl3PENT5RxeWZdN9RiwO7HQ==",
      "dependencies": [
        "@types/zrender"
      ]
    },
    "@types/estree@1.0.6": {
      "integrity": "sha512-AYnb1nQyY49te+VRAVgmzfcgjYS91mY5P0TKUDCLEM+gNnA+3T6rWITXRLYCpahpqSQbN5cE+gHpnPyXjHWxcw=="
    },
    "@types/node-fetch@2.6.12": {
      "integrity": "sha512-8nneRWKCg3rMtF69nLQJnOYUcbafYeFSjqkw3jCRLsqkWFlHaoQrr5mXmofFGOx3DKn7UfmBMyov8ySvLRVldA==",
      "dependencies": [
        "@types/node@22.5.4",
        "form-data"
      ]
    },
    "@types/node@18.19.64": {
      "integrity": "sha512-955mDqvO2vFf/oL7V3WiUtiz+BugyX8uVbaT2H8oj3+8dRyH2FLiNdowe7eNqRM7IOIZvzDH76EoAT+gwm6aIQ==",
      "dependencies": [
        "undici-types@5.26.5"
      ]
    },
    "@types/node@20.17.6": {
      "integrity": "sha512-VEI7OdvK2wP7XHnsuXbAJnEpEkF6NjSN45QJlL4VGqZSXsnicpesdTWsg9RISeSdYd3yeRj/y3k5KGjUXYnFwQ==",
      "dependencies": [
        "undici-types@6.19.8"
      ]
    },
    "@types/node@22.5.4": {
      "integrity": "sha512-FDuKUJQm/ju9fT/SeX/6+gBzoPzlVCzfzmGkwKvRHQVxi4BntVbyIwf6a4Xn62mrvndLiml6z/UBXIdEVjQLXg==",
      "dependencies": [
        "undici-types@6.19.8"
      ]
    },
    "@types/tern@0.23.9": {
      "integrity": "sha512-ypzHFE/wBzh+BlH6rrBgS5I/Z7RD21pGhZ2rltb/+ZrVM1awdZwjx7hE5XfuYgHWk9uvV5HLZN3SloevCAp3Bw==",
      "dependencies": [
        "@types/estree"
      ]
    },
    "@types/zrender@4.0.6": {
      "integrity": "sha512-1jZ9bJn2BsfmYFPBHtl5o3uV+ILejAtGrDcYSpT4qaVKEI/0YY+arw3XHU04Ebd8Nca3SQ7uNcLaqiL+tTFVMg=="
    },
    "abort-controller@3.0.0": {
      "integrity": "sha512-h8lQ8tacZYnR3vNQTgibj+tODHI5/+l06Au2Pcriv/Gmet0eaj4TwWH41sO9wnHDiQsEj19q0drzdWdeAHtweg==",
      "dependencies": [
        "event-target-shim"
      ]
    },
    "agentkeepalive@4.5.0": {
      "integrity": "sha512-5GG/5IbQQpC9FpkRGsSvZI5QYeSCzlJHdpBQntCsuTOxhKD8lqKhrleg2Yi7yvMIf82Ycmmqln9U8V9qwEiJew==",
      "dependencies": [
        "humanize-ms"
      ]
    },
    "asynckit@0.4.0": {
      "integrity": "sha512-Oei9OH4tRh0YqU3GxhX79dM/mwVgvbZJaSNaRk+bshkj0S5cfHcgYakreBjrHwatXKbz+IoIdYLxrKim2MjW0Q=="
    },
    "combined-stream@1.0.8": {
      "integrity": "sha512-FQN4MRfuJeHf7cBbBMJFXhKSDq+2kAArBlmRBvcvFE5BB1HZKXtSFASDhdlz9zOYwxh8lDdnvmMOe/+5cdoEdg==",
      "dependencies": [
        "delayed-stream"
      ]
    },
    "delayed-stream@1.0.0": {
      "integrity": "sha512-ZySD7Nf91aLB0RxL4KGrKHBXl7Eds1DAmEdcoVawXnLD7SDhpNgtuII2aAkg7a7QS41jxPSZ17p4VdGnMHk3MQ=="
    },
    "event-target-shim@5.0.1": {
      "integrity": "sha512-i/2XbnSz/uxRCU6+NdVJgKWDTM427+MqYbkQzD321DuCQJUqOuJKIA0IM2+W2xtYHdKOmZ4dR6fExsd4SXL+WQ=="
    },
    "form-data-encoder@1.7.2": {
      "integrity": "sha512-qfqtYan3rxrnCk1VYaA4H+Ms9xdpPqvLZa6xmMgFvhO32x7/3J/ExcTd6qpxM0vH2GdMI+poehyBZvqfMTto8A=="
    },
    "form-data@4.0.1": {
      "integrity": "sha512-tzN8e4TX8+kkxGPK8D5u0FNmjPUjw3lwC9lSLxxoB/+GtsJG91CO8bSWy73APlgAZzZbXEYZJuxjkHH2w+Ezhw==",
      "dependencies": [
        "asynckit",
        "combined-stream",
        "mime-types"
      ]
    },
    "formdata-node@4.4.1": {
      "integrity": "sha512-0iirZp3uVDjVGt9p49aTaqjk84TrglENEDuqfdlZQ1roC9CWlPk6Avf8EEnZNcAqPonwkG35x4n3ww/1THYAeQ==",
      "dependencies": [
        "node-domexception",
        "web-streams-polyfill"
      ]
    },
    "humanize-ms@1.2.1": {
      "integrity": "sha512-Fl70vYtsAFb/C06PTS9dZBo7ihau+Tu/DNCk/OyHhea07S+aeMWpFFkUaXRa8fI+ScZbEI8dfSxwY7gxZ9SAVQ==",
      "dependencies": [
        "ms"
      ]
    },
    "mime-db@1.52.0": {
      "integrity": "sha512-sPU4uV7dYlvtWJxwwxHD0PuihVNiE7TyAbQ5SWxDCB9mUYvOgroQOwYQQOKPJ8CIbE+1ETVlOoK1UC2nU3gYvg=="
    },
    "mime-types@2.1.35": {
      "integrity": "sha512-ZDY+bPm5zTTF+YpCrAU9nK0UgICYPT0QtT1NZWFv4s++TNkcgVaT0g6+4R2uI4MjQjzysHB1zxuWL50hzaeXiw==",
      "dependencies": [
        "mime-db"
      ]
    },
    "ms@2.1.3": {
      "integrity": "sha512-6FlzubTLZG3J2a/NVCAleEhjzq5oxgHyaCU9yYXvcLsvoVaHJq/s5xXI6/XXP6tz7R9xAOtHnSO/tXtF3WRTlA=="
    },
    "node-domexception@1.0.0": {
      "integrity": "sha512-/jKZoMpw0F8GRwl4/eLROPA3cfcXtLApP0QzLmUT/HuPCZWyB7IY9ZrMeKw2O/nFIqPQB3PVM9aYm0F312AXDQ=="
    },
    "node-fetch@2.7.0": {
      "integrity": "sha512-c4FRfUm/dbcWZ7U+1Wq0AwCyFL+3nt2bEw05wfxSz+DWpWsitgmSgYmy2dQdWyKC1694ELPqMs/YzUSNozLt8A==",
      "dependencies": [
        "whatwg-url"
      ]
    },
    "openai@4.72.0": {
      "integrity": "sha512-hFqG9BWCs7L7ifrhJXw7mJXmUBr7d9N6If3J9563o0jfwVA4wFANFDDaOIWFdgDdwgCXg5emf0Q+LoLCGszQYA==",
      "dependencies": [
        "@types/node@18.19.64",
        "@types/node-fetch",
        "abort-controller",
        "agentkeepalive",
        "form-data-encoder",
        "formdata-node",
        "node-fetch"
      ]
    },
    "tiddlywiki@5.3.6": {
      "integrity": "sha512-RfWt+Bo/UsTdzP5N4nEInjaJjgAzylUMf21hE4FL5v65c3x054+A+3g3sgW1m68lTJbTbiiqSZ6q6BEIZMwhSQ=="
    },
    "tr46@0.0.3": {
      "integrity": "sha512-N3WMsuqV66lT30CrXNbEjx4GEwlow3v6rr4mCcv6prnfwhS01rkgyFdjPNBYd9br7LpXV1+Emh01fHnq2Gdgrw=="
    },
    "tw5-typed@0.5.14": {
      "integrity": "sha512-9V3Fr9wBQxzdFD3eSAv8vzDHfAYAkweg8rB8mu8rRxgflpxib+saSi3UaiR/rH2NzMNU/dg9nHFa/EVI9WiGYA==",
      "dependencies": [
        "@types/codemirror",
        "@types/echarts",
        "@types/node@20.17.6"
      ]
    },
    "undici-types@5.26.5": {
      "integrity": "sha512-JlCMO+ehdEIKqlFxk6IfVoAUVmgz7cU7zD/h9XZ0qzeosSHmUJVOzSQvvYSYWXkFXC+IfLKSIffhv0sVZup6pA=="
    },
    "undici-types@6.19.8": {
      "integrity": "sha512-ve2KP6f/JnbPBFyobGHuerC9g1FYGn/F8n1LWTwNxCEzd6IfqTwUQcNXgEtmmQ6DlRrC1hrSrBnCZPokRrDHjw=="
    },
    "web-streams-polyfill@4.0.0-beta.3": {
      "integrity": "sha512-QW95TCTaHmsYfHDybGMwO5IJIM93I/6vTRk+daHTWFPhwh+C8Cg7j7XyKrwrj8Ib6vYXe0ocYNrmzY4xAAN6ug=="
    },
    "webidl-conversions@3.0.1": {
      "integrity": "sha512-2JAn3z8AR6rjK8Sm8orRC0h/bcl/DqL7tRPdGZ4I1CjdF+EaMLmYxBHyXuKL849eucPFhvBoxMsflfOb8kxaeQ=="
    },
    "whatwg-url@5.0.0": {
      "integrity": "sha512-saE57nupxk6v3HY35+jzBwYa0rKSy0XR8JSxZPwgLr7ys0IBzhGviA1/TUGJLmSVqs8pb9AnvICXEuOHLprYTw==",
      "dependencies": [
        "tr46",
        "webidl-conversions"
      ]
    }
  },
  "remote": {
    "https://deno.land/std@0.114.0/_util/assert.ts": "2f868145a042a11d5ad0a3c748dcf580add8a0dbc0e876eaa0026303a5488f58",
    "https://deno.land/std@0.114.0/_util/os.ts": "dfb186cc4e968c770ab6cc3288bd65f4871be03b93beecae57d657232ecffcac",
    "https://deno.land/std@0.114.0/fs/_util.ts": "f2ce811350236ea8c28450ed822a5f42a0892316515b1cd61321dec13569c56b",
    "https://deno.land/std@0.114.0/fs/copy.ts": "631bbafbfe6cba282158abc8aeb7e8251cc69a7ec28ce12878ea1b75fec2add4",
    "https://deno.land/std@0.114.0/fs/empty_dir.ts": "5f08b263dd064dc7917c4bbeb13de0f5505a664b9cdfe312fa86e7518cfaeb84",
    "https://deno.land/std@0.114.0/fs/ensure_dir.ts": "b7c103dc41a3d1dbbb522bf183c519c37065fdc234831a4a0f7d671b1ed5fea7",
    "https://deno.land/std@0.114.0/fs/ensure_file.ts": "c06031af24368e80c330897e4b8e9109efc8602ffabc8f3e2306be07529e1d13",
    "https://deno.land/std@0.114.0/fs/ensure_link.ts": "26e54363508b822afd87a3f6e873bbbcd6b5993dd638f8170758c16262a75065",
    "https://deno.land/std@0.114.0/fs/ensure_symlink.ts": "c07b6d19ef58b6f5c671ffa942e7f9be50315f4f78e2f9f511626fd2e13beccc",
    "https://deno.land/std@0.114.0/fs/eol.ts": "afaebaaac36f48c423b920c836551997715672b80a0fee9aa7667c181a94f2df",
    "https://deno.land/std@0.114.0/fs/exists.ts": "c3c3335a212bd945bb75df379096ab57fb6c86598fa273dfb24da3b3939a951e",
    "https://deno.land/std@0.114.0/fs/expand_glob.ts": "f6f64ef54addcc84c9012d6dfcf66d39ecc2565e40c4d2b7644d585fe4d12a04",
    "https://deno.land/std@0.114.0/fs/mod.ts": "26eee4b52a8c516e37d464094b080ff6822883e7f01ff0ba0a72b8dcd54b9927",
    "https://deno.land/std@0.114.0/fs/move.ts": "4623058e39bbbeb3ad30aeff9c974c55d2d574ad7c480295c12b04c244686a99",
    "https://deno.land/std@0.114.0/fs/walk.ts": "f633829f967d2979ab285dbfb09eb0d7d000fd175b95156b63fcede435d1a807",
    "https://deno.land/std@0.114.0/path/_constants.ts": "1247fee4a79b70c89f23499691ef169b41b6ccf01887a0abd131009c5581b853",
    "https://deno.land/std@0.114.0/path/_interface.ts": "1fa73b02aaa24867e481a48492b44f2598cd9dfa513c7b34001437007d3642e4",
    "https://deno.land/std@0.114.0/path/_util.ts": "2e06a3b9e79beaf62687196bd4b60a4c391d862cfa007a20fc3a39f778ba073b",
    "https://deno.land/std@0.114.0/path/common.ts": "f41a38a0719a1e85aa11c6ba3bea5e37c15dd009d705bd8873f94c833568cbc4",
    "https://deno.land/std@0.114.0/path/glob.ts": "ea87985765b977cc284b92771003b2070c440e0807c90e1eb0ff3e095911a820",
    "https://deno.land/std@0.114.0/path/mod.ts": "4465dc494f271b02569edbb4a18d727063b5dbd6ed84283ff906260970a15d12",
    "https://deno.land/std@0.114.0/path/posix.ts": "34349174b9cd121625a2810837a82dd8b986bbaaad5ade690d1de75bbb4555b2",
    "https://deno.land/std@0.114.0/path/separator.ts": "8fdcf289b1b76fd726a508f57d3370ca029ae6976fcde5044007f062e643ff1c",
    "https://deno.land/std@0.114.0/path/win32.ts": "11549e8c6df8307a8efcfa47ad7b2a75da743eac7d4c89c9723a944661c8bd2e"
  },
  "workspace": {
    "dependencies": [
      "jsr:@std/assert@1",
      "jsr:@std/fs@^1.0.5",
      "jsr:@std/path@^1.0.8",
      "npm:openai@^4.72.0",
      "npm:tiddlywiki@^5.3.6",
      "npm:tw5-typed@~0.5.14"
    ]
  }
}
