lockfileVersion: '9.0'

settings:
  autoInstallPeers: true
  excludeLinksFromLockfile: false

importers:

  .:
    dependencies:
      zx:
        specifier: ^8.1.9
        version: 8.1.9

packages:

  '@types/fs-extra@11.0.4':
    resolution: {integrity: sha512-yTbItCNreRooED33qjunPthRcSjERP1r4MqCZc7wv0u2sUkzTFp45tgUfS5+r7FrZPdmCCNflLhVSP/o+SemsQ==}

  '@types/jsonfile@6.1.4':
    resolution: {integrity: sha512-D5qGUYwjvnNNextdU59/+fI+spnwtTFmyQP0h+PfIOSkNfpU6AOICUOkm4i0OnSk+NyjdPJrxCDro0sJsWlRpQ==}

  '@types/node@22.8.4':
    resolution: {integrity: sha512-SpNNxkftTJOPk0oN+y2bIqurEXHTA2AOZ3EJDDKeJ5VzkvvORSvmQXGQarcOzWV1ac7DCaPBEdMDxBsM+d8jWw==}

  undici-types@6.19.8:
    resolution: {integrity: sha512-ve2KP6f/JnbPBFyobGHuerC9g1FYGn/F8n1LWTwNxCEzd6IfqTwUQcNXgEtmmQ6DlRrC1hrSrBnCZPokRrDHjw==}

  zx@8.1.9:
    resolution: {integrity: sha512-UHuLHphHmsBYKkAchkSrEN4nzDyagafqC9HUxtc1J7eopaScW6H9dsLJ1lmkAntnLtDTGoM8fa+jrJrXiIfKFA==}
    engines: {node: '>= 12.17.0'}
    hasBin: true

snapshots:

  '@types/fs-extra@11.0.4':
    dependencies:
      '@types/jsonfile': 6.1.4
      '@types/node': 22.8.4
    optional: true

  '@types/jsonfile@6.1.4':
    dependencies:
      '@types/node': 22.8.4
    optional: true

  '@types/node@22.8.4':
    dependencies:
      undici-types: 6.19.8
    optional: true

  undici-types@6.19.8:
    optional: true

  zx@8.1.9:
    optionalDependencies:
      '@types/fs-extra': 11.0.4
      '@types/node': 22.8.4
